<?xml version="1.0" encoding="utf-8"?>
<Project ToolsVersion="4.0" xmlns="http://schemas.microsoft.com/developer/msbuild/2003">
  <ItemGroup>
    <Filter Include="App">
      <UniqueIdentifier>{7ae6c9bc-68c7-4f00-8d9b-737cf18e85bd}</UniqueIdentifier>
    </Filter>
    <Filter Include="GameEngine">
      <UniqueIdentifier>{d87611bb-1337-4eb9-8e37-9240889b6caf}</UniqueIdentifier>
    </Filter>
    <Filter Include="GameEngine\WindowingSystem">
      <UniqueIdentifier>{2fb1855d-59db-4b38-97c8-90fe19b57292}</UniqueIdentifier>
    </Filter>
    <Filter Include="GameEngine\GraphicsEngine">
      <UniqueIdentifier>{73f5f0e0-1002-4e68-8946-100cf6fa52d5}</UniqueIdentifier>
    </Filter>
    <Filter Include="GameEngine\GraphicsEngine\DeviceContext">
      <UniqueIdentifier>{f85dcc8c-d34c-4776-858f-152e4763dc5d}</UniqueIdentifier>
    </Filter>
    <Filter Include="GameEngine\GraphicsEngine\VertexBuffer">
      <UniqueIdentifier>{1f1d5583-1344-4b0f-96b3-ef846bfc3f1d}</UniqueIdentifier>
    </Filter>
    <Filter Include="GameEngine\GraphicsEngine\Swap Chain">
      <UniqueIdentifier>{d97f49aa-0b03-4087-ae35-2d038a9bce56}</UniqueIdentifier>
    </Filter>
    <Filter Include="Shaders">
      <UniqueIdentifier>{f10ea6d0-35c0-4d3a-93ef-2a7a4618a5c4}</UniqueIdentifier>
    </Filter>
    <Filter Include="GameEngine\Vertex Shader">
      <UniqueIdentifier>{3b2b0a36-e2b1-4b7a-a25a-ad20bd72ef18}</UniqueIdentifier>
    </Filter>
    <Filter Include="GameEngine\Pixel Shader">
      <UniqueIdentifier>{236cad7d-b0fd-4f83-84f9-8884c0ee8ce4}</UniqueIdentifier>
    </Filter>
    <Filter Include="GameEngine\Constant Buffer">
      <UniqueIdentifier>{908bb82f-1989-4907-a2ad-d6ae42750f99}</UniqueIdentifier>
    </Filter>
    <Filter Include="GameEngine\Engine Time">
      <UniqueIdentifier>{3eb31828-b0c0-47de-be12-0eae12b682cb}</UniqueIdentifier>
    </Filter>
    <Filter Include="GameEngine\Matrix and Vector">
      <UniqueIdentifier>{9ba9d224-8be6-456e-826d-9a4b0d3a5663}</UniqueIdentifier>
    </Filter>
    <Filter Include="GameEngine\GraphicsEngine\Index Buffer">
      <UniqueIdentifier>{b7d1c8a0-e5b9-4780-a275-5e8c09e5d5ab}</UniqueIdentifier>
    </Filter>
    <Filter Include="GameEngine\Primitives">
      <UniqueIdentifier>{bff3f08a-a371-4640-a26a-a526ef7ed503}</UniqueIdentifier>
    </Filter>
    <Filter Include="GameEngine\Primitives\Cube">
      <UniqueIdentifier>{05d35de7-fcdf-4143-83b0-05aa29161410}</UniqueIdentifier>
    </Filter>
    <Filter Include="GameEngine\Primitives\Plane">
      <UniqueIdentifier>{6c6eb429-f429-4023-b7b9-66209e6d1d23}</UniqueIdentifier>
    </Filter>
    <Filter Include="GameEngine\Camera / Scene Handler">
      <UniqueIdentifier>{4fb73fab-ca51-4ff4-8f40-267ffae40498}</UniqueIdentifier>
    </Filter>
    <Filter Include="GameEngine\Input Listener / System">
      <UniqueIdentifier>{9d950728-927a-473f-88fc-5404330ff482}</UniqueIdentifier>
    </Filter>
    <Filter Include="Editor">
      <UniqueIdentifier>{075e457f-0040-4c76-b8eb-28c6337d5f53}</UniqueIdentifier>
    </Filter>
    <Filter Include="Editor\IMGUI">
      <UniqueIdentifier>{63448740-3be4-4210-8d54-268ef4d058fb}</UniqueIdentifier>
    </Filter>
    <Filter Include="Editor\Screens">
      <UniqueIdentifier>{9905d257-ea42-473c-ad9a-ec2858849c05}</UniqueIdentifier>
    </Filter>
    <Filter Include="GameEngine\Resources / Textures">
      <UniqueIdentifier>{d855e1f9-d56c-4f8b-9780-73ddf9c09445}</UniqueIdentifier>
    </Filter>
    <Filter Include="Utilities">
      <UniqueIdentifier>{5a2d3fcc-d468-4542-b7eb-14d38e6a8092}</UniqueIdentifier>
    </Filter>
  </ItemGroup>
  <ItemGroup>
    <ClCompile Include="main.cpp">
      <Filter>App</Filter>
    </ClCompile>
    <ClCompile Include="AppWindow.cpp">
      <Filter>App</Filter>
    </ClCompile>
    <ClCompile Include="Window.cpp">
      <Filter>GameEngine\WindowingSystem</Filter>
    </ClCompile>
    <ClCompile Include="GraphicsEngine.cpp">
      <Filter>GameEngine\GraphicsEngine</Filter>
    </ClCompile>
    <ClCompile Include="DeviceContext.cpp">
      <Filter>GameEngine\GraphicsEngine\DeviceContext</Filter>
    </ClCompile>
    <ClCompile Include="VertexBuffer.cpp">
      <Filter>GameEngine\GraphicsEngine\VertexBuffer</Filter>
    </ClCompile>
    <ClCompile Include="SwapChain.cpp">
      <Filter>GameEngine\GraphicsEngine\Swap Chain</Filter>
    </ClCompile>
    <ClCompile Include="VertexShader.cpp">
      <Filter>GameEngine\Vertex Shader</Filter>
    </ClCompile>
    <ClCompile Include="PixelShader.cpp">
      <Filter>GameEngine\Pixel Shader</Filter>
    </ClCompile>
    <ClCompile Include="ConstantBuffer.cpp">
      <Filter>GameEngine\Constant Buffer</Filter>
    </ClCompile>
    <ClCompile Include="EngineTime.cpp">
      <Filter>GameEngine\Engine Time</Filter>
    </ClCompile>
    <ClCompile Include="Cube.cpp">
      <Filter>GameEngine\Primitives\Cube</Filter>
    </ClCompile>
    <ClCompile Include="IndexBuffer.cpp">
      <Filter>GameEngine\GraphicsEngine\Index Buffer</Filter>
    </ClCompile>
    <ClCompile Include="GameObject.cpp">
      <Filter>GameEngine\Primitives</Filter>
    </ClCompile>
    <ClCompile Include="Plane.cpp">
      <Filter>GameEngine\Primitives\Plane</Filter>
    </ClCompile>
    <ClCompile Include="Camera.cpp">
      <Filter>GameEngine\Camera / Scene Handler</Filter>
    </ClCompile>
    <ClCompile Include="InputSystem.cpp">
      <Filter>GameEngine\Input Listener / System</Filter>
    </ClCompile>
    <ClCompile Include="SceneCameraHandler.cpp">
      <Filter>GameEngine\Camera / Scene Handler</Filter>
    </ClCompile>
    <ClCompile Include="imgui.cpp">
      <Filter>Editor\IMGUI</Filter>
    </ClCompile>
    <ClCompile Include="imgui_demo.cpp">
      <Filter>Editor\IMGUI</Filter>
    </ClCompile>
    <ClCompile Include="imgui_draw.cpp">
      <Filter>Editor\IMGUI</Filter>
    </ClCompile>
    <ClCompile Include="imgui_tables.cpp">
      <Filter>Editor\IMGUI</Filter>
    </ClCompile>
    <ClCompile Include="imgui_widgets.cpp">
      <Filter>Editor\IMGUI</Filter>
    </ClCompile>
    <ClCompile Include="imgui_impl_dx11.cpp">
      <Filter>Editor\IMGUI</Filter>
    </ClCompile>
    <ClCompile Include="imgui_impl_win32.cpp">
      <Filter>Editor\IMGUI</Filter>
    </ClCompile>
    <ClCompile Include="UIManager.cpp">
      <Filter>Editor</Filter>
    </ClCompile>
    <ClCompile Include="UIScreen.cpp">
      <Filter>Editor\Screens</Filter>
    </ClCompile>
    <ClCompile Include="AboutScreen.cpp">
      <Filter>Editor\Screens</Filter>
    </ClCompile>
    <ClCompile Include="MenuScreen.cpp">
      <Filter>Editor\Screens</Filter>
    </ClCompile>
    <ClCompile Include="GraphicsResource.cpp" />
    <ClCompile Include="RenderSystem.cpp">
      <Filter>GameEngine\Resources / Textures</Filter>
    </ClCompile>
    <ClCompile Include="ResourceManager.cpp">
      <Filter>GameEngine\Resources / Textures</Filter>
    </ClCompile>
    <ClCompile Include="TextureManager.cpp">
      <Filter>GameEngine\Resources / Textures</Filter>
    </ClCompile>
    <ClCompile Include="SamplerState.cpp">
      <Filter>GameEngine\Resources / Textures</Filter>
    </ClCompile>
  </ItemGroup>
  <ItemGroup>
    <ClInclude Include="AppWindow.h">
      <Filter>App</Filter>
    </ClInclude>
    <ClInclude Include="Window.h">
      <Filter>GameEngine\WindowingSystem</Filter>
    </ClInclude>
    <ClInclude Include="GraphicsEngine.h">
      <Filter>GameEngine\GraphicsEngine</Filter>
    </ClInclude>
    <ClInclude Include="DeviceContext.h">
      <Filter>GameEngine\GraphicsEngine\DeviceContext</Filter>
    </ClInclude>
    <ClInclude Include="VertexBuffer.h">
      <Filter>GameEngine\GraphicsEngine\VertexBuffer</Filter>
    </ClInclude>
    <ClInclude Include="SwapChain.h">
      <Filter>GameEngine\GraphicsEngine\Swap Chain</Filter>
    </ClInclude>
    <ClInclude Include="VertexShader.h">
      <Filter>GameEngine\Vertex Shader</Filter>
    </ClInclude>
    <ClInclude Include="PixelShader.h">
      <Filter>GameEngine\Pixel Shader</Filter>
    </ClInclude>
    <ClInclude Include="ConstantBuffer.h">
      <Filter>GameEngine\Constant Buffer</Filter>
    </ClInclude>
    <ClInclude Include="EngineTime.h">
      <Filter>GameEngine\Engine Time</Filter>
    </ClInclude>
    <ClInclude Include="Matrix4x4.h">
      <Filter>GameEngine\Matrix and Vector</Filter>
    </ClInclude>
    <ClInclude Include="Vector3D.h">
      <Filter>GameEngine\Matrix and Vector</Filter>
    </ClInclude>
    <ClInclude Include="Cube.h">
      <Filter>GameEngine\Primitives\Cube</Filter>
    </ClInclude>
    <ClInclude Include="IndexBuffer.h">
      <Filter>GameEngine\GraphicsEngine\Index Buffer</Filter>
    </ClInclude>
    <ClInclude Include="GameObject.h">
      <Filter>GameEngine\Primitives</Filter>
    </ClInclude>
    <ClInclude Include="Plane.h">
      <Filter>GameEngine\Primitives\Plane</Filter>
    </ClInclude>
    <ClInclude Include="Vector4D.h">
      <Filter>GameEngine\Matrix and Vector</Filter>
    </ClInclude>
    <ClInclude Include="Point.h">
      <Filter>GameEngine\Matrix and Vector</Filter>
    </ClInclude>
    <ClInclude Include="Camera.h">
      <Filter>GameEngine\Camera / Scene Handler</Filter>
    </ClInclude>
    <ClInclude Include="InputListener.h">
      <Filter>GameEngine\Input Listener / System</Filter>
    </ClInclude>
    <ClInclude Include="InputSystem.h">
      <Filter>GameEngine\Input Listener / System</Filter>
    </ClInclude>
    <ClInclude Include="SceneCameraHandler.h">
      <Filter>GameEngine\Camera / Scene Handler</Filter>
    </ClInclude>
    <ClInclude Include="imconfig.h">
      <Filter>Editor\IMGUI</Filter>
    </ClInclude>
    <ClInclude Include="imgui.h">
      <Filter>Editor\IMGUI</Filter>
    </ClInclude>
    <ClInclude Include="imgui_internal.h">
      <Filter>Editor\IMGUI</Filter>
    </ClInclude>
    <ClInclude Include="imstb_rectpack.h">
      <Filter>Editor\IMGUI</Filter>
    </ClInclude>
    <ClInclude Include="imstb_textedit.h">
      <Filter>Editor\IMGUI</Filter>
    </ClInclude>
    <ClInclude Include="imstb_truetype.h">
      <Filter>Editor\IMGUI</Filter>
    </ClInclude>
    <ClInclude Include="imgui_impl_dx11.h">
      <Filter>Editor\IMGUI</Filter>
    </ClInclude>
    <ClInclude Include="imgui_impl_win32.h">
      <Filter>Editor\IMGUI</Filter>
    </ClInclude>
    <ClInclude Include="UIManager.h">
      <Filter>Editor</Filter>
    </ClInclude>
    <ClInclude Include="UIScreen.h">
      <Filter>Editor\Screens</Filter>
    </ClInclude>
    <ClInclude Include="AboutScreen.h">
      <Filter>Editor\Screens</Filter>
    </ClInclude>
    <ClInclude Include="MenuScreen.h">
      <Filter>Editor\Screens</Filter>
    </ClInclude>
    <ClInclude Include="Prerequisites.h">
      <Filter>GameEngine\Resources / Textures</Filter>
    </ClInclude>
    <ClInclude Include="GraphicsResource.h" />
    <ClInclude Include="RenderSystem.h">
      <Filter>GameEngine\Resources / Textures</Filter>
    </ClInclude>
    <ClInclude Include="ResourceManager.h">
      <Filter>GameEngine\Resources / Textures</Filter>
    </ClInclude>
    <ClInclude Include="TextureManager.h">
      <Filter>GameEngine\Resources / Textures</Filter>
    </ClInclude>
    <ClInclude Include="SamplerState.h">
      <Filter>GameEngine\Resources / Textures</Filter>
    </ClInclude>
    <ClInclude Include="LogUtils.h">
      <Filter>Utilities</Filter>
    </ClInclude>
    <ClInclude Include="MathUtil.h">
      <Filter>Utilities</Filter>
    </ClInclude>
  </ItemGroup>
  <ItemGroup>
    <FxCompile Include="VertexShader.hlsl">
      <Filter>Shaders</Filter>
    </FxCompile>
    <FxCompile Include="PixelShader.hlsl">
      <Filter>Shaders</Filter>
    </FxCompile>
  </ItemGroup>
  <ItemGroup>
    <None Include="packages.config" />
  </ItemGroup>
</Project>